{
	"name": "@pixi/loaders",
	"version": "5.2.3",
	"lockfileVersion": 1,
	"requires": true,
	"dependencies": {
		"mini-signals": {
			"version": "1.2.0",
			"resolved": "https://registry.npmjs.org/mini-signals/-/mini-signals-1.2.0.tgz",
			"integrity": "sha1-RbCAE8X65RokqhqTXNMXye1yHXQ="
		},
		"parse-uri": {
			"version": "1.0.0",
			"resolved": "https://registry.npmjs.org/parse-uri/-/parse-uri-1.0.0.tgz",
			"integrity": "sha1-KHLcwi8aeXrN4Vg9igrClVLdrCA="
		},
		"resource-loader": {
			"version": "3.0.1",
			"resolved": "https://registry.npmjs.org/resource-loader/-/resource-loader-3.0.1.tgz",
			"integrity": "sha512-fBuCRbEHdLCI1eglzQhUv9Rrdcmqkydr1r6uHE2cYHvRBrcLXeSmbE/qI/urFt8rPr/IGxir3BUwM5kUK8XoyA==",
			"requires": {
				"mini-signals": "^1.2.0",
				"parse-uri": "^1.0.0"
			}
		}
	}
}
