{
	"name": "@pixi/polyfill",
	"version": "5.2.4",
	"lockfileVersion": 1,
	"requires": true,
	"dependencies": {
		"@types/object-assign": {
			"version": "4.0.30",
			"resolved": "https://registry.npmjs.org/@types/object-assign/-/object-assign-4.0.30.tgz",
			"integrity": "sha1-iUk3HVqZ9Dge4PHfCpt6GH4H5lI=",
			"dev": true
		},
		"es6-promise-polyfill": {
			"version": "1.2.0",
			"resolved": "https://registry.npmjs.org/es6-promise-polyfill/-/es6-promise-polyfill-1.2.0.tgz",
			"integrity": "sha1-84kl8jyz4+jObNqP93T867sJDN4="
		},
		"object-assign": {
			"version": "4.1.1",
			"resolved": "https://registry.npmjs.org/object-assign/-/object-assign-4.1.1.tgz",
			"integrity": "sha1-IQmtx5ZYh8/AXLvUQsrIv7s2CGM="
		}
	}
}
