{
	"name": "@pixi/settings",
	"version": "5.2.3",
	"lockfileVersion": 1,
	"requires": true,
	"dependencies": {
		"ismobilejs": {
			"version": "1.1.1",
			"resolved": "https://registry.npmjs.org/ismobilejs/-/ismobilejs-1.1.1.tgz",
			"integrity": "sha512-VaFW53yt8QO61k2WJui0dHf4SlL8lxBofUuUmwBo0ljPk0Drz2TiuDW4jo3wDcv41qy/SxrJ+VAzJ/qYqsmzRw=="
		}
	}
}
