{
  "name": "@pixi/runner",
  "version": "5.1.1",
  "lockfileVersion": 1,
  "requires": true,
  "dependencies": {
    "@types/signals": {
      "version": "1.0.1",
      "resolved": "https://registry.npmjs.org/@types/signals/-/signals-1.0.1.tgz",
      "integrity": "sha512-t6qsSE/nUiDN4MO5pZIR7XdhCNt0No0oJL1y1JSYovQL7+GvWzdBI0eD0ADZ2gW4Lg+CB4/d0j1nXe9lMpEHow=="
    }
  }
}
