{
	"name": "@pixi/utils",
	"version": "5.2.3",
	"lockfileVersion": 1,
	"requires": true,
	"dependencies": {
		"@types/earcut": {
			"version": "2.1.0",
			"resolved": "https://registry.npmjs.org/@types/earcut/-/earcut-2.1.0.tgz",
			"integrity": "sha512-PKu2suACS92cLQb2DZ6ytgnQm9PKPQRCD9jPqgMUTMVEuUqLTfCRHuaOXKmZTyVpL7zqJX+ZSZoyUr4e5muSNg==",
			"dev": true
		},
		"earcut": {
			"version": "2.2.2",
			"resolved": "https://registry.npmjs.org/earcut/-/earcut-2.2.2.tgz",
			"integrity": "sha512-eZoZPPJcUHnfRZ0PjLvx2qBordSiO8ofC3vt+qACLM95u+4DovnbYNpQtJh0DNsWj8RnxrQytD4WA8gj5cRIaQ=="
		},
		"eventemitter3": {
			"version": "3.1.2",
			"resolved": "https://registry.npmjs.org/eventemitter3/-/eventemitter3-3.1.2.tgz",
			"integrity": "sha512-tvtQIeLVHjDkJYnzf2dgVMxfuSGJeM/7UCG17TT4EumTfNtF+0nebF/4zWOIkCreAbtNqhGEboB6BWrwqNaw4Q=="
		},
		"punycode": {
			"version": "1.3.2",
			"resolved": "https://registry.npmjs.org/punycode/-/punycode-1.3.2.tgz",
			"integrity": "sha1-llOgNvt8HuQjQvIyXM7v6jkmxI0="
		},
		"querystring": {
			"version": "0.2.0",
			"resolved": "https://registry.npmjs.org/querystring/-/querystring-0.2.0.tgz",
			"integrity": "sha1-sgmEkgO7Jd+CDadW50cAWHhSFiA="
		},
		"url": {
			"version": "0.11.0",
			"resolved": "https://registry.npmjs.org/url/-/url-0.11.0.tgz",
			"integrity": "sha1-ODjpfPxgUh63PFJajlW/3Z4uKPE=",
			"requires": {
				"punycode": "1.3.2",
				"querystring": "0.2.0"
			}
		}
	}
}
